schema: '2.0'
stages:
  data_ingestion:
    cmd: python src/preprocessing/data_ingestion.py
    deps:
    - path: src/preprocessing/data_ingestion.py
      hash: md5
      md5: 287e0e2fd2d81d39138b04d2c4134859
      size: 4354
    params:
      params.yaml:
        data_ingestion.test_size: 0.25
    outs:
    - path: data/raw
      hash: md5
      md5: 3a301dd6a0b3caa261222635788eb1a5.dir
      size: 827973
      nfiles: 2
  data_preprocessing:
    cmd: python src/preprocessing/data_preprocessing.py
    deps:
    - path: data/raw
      hash: md5
      md5: 3a301dd6a0b3caa261222635788eb1a5.dir
      size: 827973
      nfiles: 2
    - path: src/preprocessing/data_preprocessing.py
      hash: md5
      md5: b53c5258735373baaf20ee96cc6cbf01
      size: 4924
    outs:
    - path: data/processed
      hash: md5
      md5: b59a6d9deda25e18ae8ad7d7977cbe56.dir
      size: 566210
      nfiles: 2
  feature_engineering:
    cmd: python src/features/feature_engineering.py
    deps:
    - path: data/processed
      hash: md5
      md5: b59a6d9deda25e18ae8ad7d7977cbe56.dir
      size: 566210
      nfiles: 2
    - path: src/features/feature_engineering.py
      hash: md5
      md5: 8dd5e729cfdad4070a97f9169f1ed54f
      size: 4225
    params:
      params.yaml:
        feature_engineering.max_features: 120
    outs:
    - path: data/features
      hash: md5
      md5: 3051d9b2bd440f80c13b27121073e1e4.dir
      size: 5401754
      nfiles: 2
  model_building:
    cmd: python src/model/model_building.py
    deps:
    - path: data/features
      hash: md5
      md5: 3051d9b2bd440f80c13b27121073e1e4.dir
      size: 5401754
      nfiles: 2
    - path: src/model/model_building.py
      hash: md5
      md5: cb8e869f797e25e80dabd634008b12b6
      size: 2942
    params:
      params.yaml:
        model_building.eta: 0.001
        model_building.gamma: 1
    outs:
    - path: models/model.pkl
      hash: md5
      md5: a40cf221a8df8d9d4781418a435455c9
      size: 188998
  model_evaluation:
    cmd: python src/model/model_evaluation.py
    deps:
    - path: models/model.pkl
      hash: md5
      md5: a40cf221a8df8d9d4781418a435455c9
      size: 188998
    - path: src/model/model_evaluation.py
      hash: md5
      md5: dfc6306d43a1728bcb4685cb0d9e2540
      size: 3416
    outs:
    - path: reports/metrics.json
      hash: md5
      md5: db057b4e57d1ea2b4eebb7729c6fb493
      size: 144
