schema: '2.0'
stages:
  data_ingestion:
    cmd: python src/preprocessing/data_ingestion.py
    deps:
    - path: src/preprocessing/data_ingestion.py
      hash: md5
      md5: 287e0e2fd2d81d39138b04d2c4134859
      size: 4354
    params:
      params.yaml:
        data_ingestion.test_size: 0.25
    outs:
    - path: data/raw
      hash: md5
      md5: 3a301dd6a0b3caa261222635788eb1a5.dir
      size: 827973
      nfiles: 2
  data_preprocessing:
    cmd: python src/preprocessing/data_preprocessing.py
    deps:
    - path: data/raw
      hash: md5
      md5: 3a301dd6a0b3caa261222635788eb1a5.dir
      size: 827973
      nfiles: 2
    - path: src/preprocessing/data_preprocessing.py
      hash: md5
      md5: b53c5258735373baaf20ee96cc6cbf01
      size: 4924
    outs:
    - path: data/processed
      hash: md5
      md5: b59a6d9deda25e18ae8ad7d7977cbe56.dir
      size: 566210
      nfiles: 2
  feature_engineering:
    cmd: python src/features/feature_engineering.py
    deps:
    - path: data/processed
      hash: md5
      md5: b59a6d9deda25e18ae8ad7d7977cbe56.dir
      size: 566210
      nfiles: 2
    - path: src/features/feature_engineering.py
      hash: md5
      md5: 02810237c50b3d504a84c7d070e6ab1e
      size: 4221
    params:
      params.yaml:
        feature_engineering.max_features: 100
    outs:
    - path: data/features
      hash: md5
      md5: e1298003ded05063cddb511061e768e8.dir
      size: 2106516
      nfiles: 2
  model_building:
    cmd: python src/model/model_building.py
    deps:
    - path: data/features
      hash: md5
      md5: e1298003ded05063cddb511061e768e8.dir
      size: 2106516
      nfiles: 2
    - path: src/model/model_building.py
      hash: md5
      md5: 18d6d7daeafeaed44473ac5dad2b032e
      size: 2940
    params:
      params.yaml:
        model_building.eta: 0.001
        model_building.gamma: 1
    outs:
    - path: models/model.pkl
      hash: md5
      md5: 015520a2e4635c7a8c5f8f506e992a45
      size: 179138
  model_evaluation:
    cmd: python src/model/model_evaluation.py
    deps:
    - path: models/model.pkl
      hash: md5
      md5: 015520a2e4635c7a8c5f8f506e992a45
      size: 179138
    - path: src/model/model_evaluation.py
      hash: md5
      md5: 66bc4644b203049efa3906f665598a07
      size: 3413
    outs:
    - path: reports/metrics.json
      hash: md5
      md5: b791ef2324e36b7df5cf4e795e3cf7f5
      size: 145
